
Microsoft Visual Studio Solution File, Format Version 12.00
# Visual Studio Version 17
VisualStudioVersion = 17.2.32516.85
MinimumVisualStudioVersion = 10.0.40219.1
Project("{FAE04EC0-301F-11D3-BF4B-00C04F79EFBC}") = "MathSol", "MathSol\MathSol.csproj", "{15F8BE86-08A4-416C-ACF0-F81E61369258}"
EndProject
Global
	GlobalSection(SolutionConfigurationPlatforms) = preSolution
		Debug|Any CPU = Debug|Any CPU
		Release|Any CPU = Release|Any CPU
	EndGlobalSection
	GlobalSection(ProjectConfigurationPlatforms) = postSolution
		{15F8BE86-08A4-416C-ACF0-F81E61369258}.Debug|Any CPU.ActiveCfg = Debug|Any CPU
		{15F8BE86-08A4-416C-ACF0-F81E61369258}.Debug|Any CPU.Build.0 = Debug|Any CPU
		{15F8BE86-08A4-416C-ACF0-F81E61369258}.Release|Any CPU.ActiveCfg = Release|Any CPU
		{15F8BE86-08A4-416C-ACF0-F81E61369258}.Release|Any CPU.Build.0 = Release|Any CPU
	EndGlobalSection
	GlobalSection(SolutionProperties) = preSolution
		HideSolutionNode = FALSE
	EndGlobalSection
	GlobalSection(ExtensibilityGlobals) = postSolution
		SolutionGuid = {9F58AD01-6AEB-43BB-A89B-9C793DF998FE}
	EndGlobalSection
EndGlobal
